
Microsoft Visual Studio Solution File, Format Version 12.00
# Visual Studio Version 17
VisualStudioVersion = 17.14.36804.6
MinimumVisualStudioVersion = 10.0.40219.1
Project("{FAE04EC0-301F-11D3-BF4B-00C04F79EFBC}") = "Dead Pigeons", "Dead Pigeons.csproj", "{C7DBD8DE-CC64-477C-BDA4-BCDC717C693B}"
EndProject
Project("{FAE04EC0-301F-11D3-BF4B-00C04F79EFBC}") = "DeadPigeons.Core", "..\DeadPigeons.Core\DeadPigeons.Core.csproj", "{6CD6AA97-BF06-44C7-833D-79FAF03BFA1A}"
EndProject
Project("{FAE04EC0-301F-11D3-BF4B-00C04F79EFBC}") = "DeadPigeons.Infrastructure", "..\DeadPigeons.Infrastructure\DeadPigeons.Infrastructure.csproj", "{28670C01-BFFF-4649-AB09-E5000C265FEC}"
EndProject
Project("{FAE04EC0-301F-11D3-BF4B-00C04F79EFBC}") = "DeadPigeons.Test", "..\DeadPigeons.Test\DeadPigeons.Test.csproj", "{196C8C4A-3658-4B89-9A2B-FFA275C4116E}"
EndProject
Project("{FAE04EC0-301F-11D3-BF4B-00C04F79EFBC}") = "frontend", "..\frontend\frontend.csproj", "{79C7ED99-A3A1-4E83-8377-250992C95D1A}"
EndProject
Global
	GlobalSection(SolutionConfigurationPlatforms) = preSolution
		Debug|Any CPU = Debug|Any CPU
		Release|Any CPU = Release|Any CPU
	EndGlobalSection
	GlobalSection(ProjectConfigurationPlatforms) = postSolution
		{C7DBD8DE-CC64-477C-BDA4-BCDC717C693B}.Debug|Any CPU.ActiveCfg = Debug|Any CPU
		{C7DBD8DE-CC64-477C-BDA4-BCDC717C693B}.Debug|Any CPU.Build.0 = Debug|Any CPU
		{C7DBD8DE-CC64-477C-BDA4-BCDC717C693B}.Release|Any CPU.ActiveCfg = Release|Any CPU
		{C7DBD8DE-CC64-477C-BDA4-BCDC717C693B}.Release|Any CPU.Build.0 = Release|Any CPU
		{6CD6AA97-BF06-44C7-833D-79FAF03BFA1A}.Debug|Any CPU.ActiveCfg = Debug|Any CPU
		{6CD6AA97-BF06-44C7-833D-79FAF03BFA1A}.Debug|Any CPU.Build.0 = Debug|Any CPU
		{6CD6AA97-BF06-44C7-833D-79FAF03BFA1A}.Release|Any CPU.ActiveCfg = Release|Any CPU
		{6CD6AA97-BF06-44C7-833D-79FAF03BFA1A}.Release|Any CPU.Build.0 = Release|Any CPU
		{28670C01-BFFF-4649-AB09-E5000C265FEC}.Debug|Any CPU.ActiveCfg = Debug|Any CPU
		{28670C01-BFFF-4649-AB09-E5000C265FEC}.Debug|Any CPU.Build.0 = Debug|Any CPU
		{28670C01-BFFF-4649-AB09-E5000C265FEC}.Release|Any CPU.ActiveCfg = Release|Any CPU
		{28670C01-BFFF-4649-AB09-E5000C265FEC}.Release|Any CPU.Build.0 = Release|Any CPU
		{196C8C4A-3658-4B89-9A2B-FFA275C4116E}.Debug|Any CPU.ActiveCfg = Debug|Any CPU
		{196C8C4A-3658-4B89-9A2B-FFA275C4116E}.Debug|Any CPU.Build.0 = Debug|Any CPU
		{196C8C4A-3658-4B89-9A2B-FFA275C4116E}.Release|Any CPU.ActiveCfg = Release|Any CPU
		{196C8C4A-3658-4B89-9A2B-FFA275C4116E}.Release|Any CPU.Build.0 = Release|Any CPU
		{79C7ED99-A3A1-4E83-8377-250992C95D1A}.Debug|Any CPU.ActiveCfg = Debug|Any CPU
		{79C7ED99-A3A1-4E83-8377-250992C95D1A}.Debug|Any CPU.Build.0 = Debug|Any CPU
		{79C7ED99-A3A1-4E83-8377-250992C95D1A}.Release|Any CPU.ActiveCfg = Debug|Any CPU
		{79C7ED99-A3A1-4E83-8377-250992C95D1A}.Release|Any CPU.Build.0 = Debug|Any CPU
	EndGlobalSection
	GlobalSection(SolutionProperties) = preSolution
		HideSolutionNode = FALSE
	EndGlobalSection
	GlobalSection(ExtensibilityGlobals) = postSolution
		SolutionGuid = {D362EBD2-1ACB-442A-A7A2-5DB16813DA2C}
	EndGlobalSection
EndGlobal
